
Microsoft Visual Studio Solution File, Format Version 12.00
# Visual Studio 15
VisualStudioVersion = 15.0.26730.12
MinimumVisualStudioVersion = 10.0.40219.1
Project("{FAE04EC0-301F-11D3-BF4B-00C04F79EFBC}") = "puzzlesolver", "puzzlesolver\puzzlesolver.csproj", "{6E4DBBAF-3041-4457-9009-381FF9C1EE48}"
EndProject
Global
	GlobalSection(SolutionConfigurationPlatforms) = preSolution
		Debug|Any CPU = Debug|Any CPU
		Release|Any CPU = Release|Any CPU
	EndGlobalSection
	GlobalSection(ProjectConfigurationPlatforms) = postSolution
		{6E4DBBAF-3041-4457-9009-381FF9C1EE48}.Debug|Any CPU.ActiveCfg = Debug|Any CPU
		{6E4DBBAF-3041-4457-9009-381FF9C1EE48}.Debug|Any CPU.Build.0 = Debug|Any CPU
		{6E4DBBAF-3041-4457-9009-381FF9C1EE48}.Release|Any CPU.ActiveCfg = Release|Any CPU
		{6E4DBBAF-3041-4457-9009-381FF9C1EE48}.Release|Any CPU.Build.0 = Release|Any CPU
	EndGlobalSection
	GlobalSection(SolutionProperties) = preSolution
		HideSolutionNode = FALSE
	EndGlobalSection
	GlobalSection(ExtensibilityGlobals) = postSolution
		SolutionGuid = {42BBF6C5-9D61-4DF3-A1CF-9224C9895FAA}
	EndGlobalSection
EndGlobal
